{
  "originHash" : "94c4e2ad3c8bfd41032d406e6498111c9306635ed7898d5d3e85df0e76ab703b",
  "pins" : [
    {
      "identity" : "lottie-ios",
      "kind" : "remoteSourceControl",
      "location" : "https://github.com/airbnb/lottie-ios",
      "state" : {
        "revision" : "769b88d83a42ca8d5572b020c96f47e3690b3796",
        "version" : "4.4.3"
      }
    }
  ],
  "version" : 3
}
